
Microsoft Visual Studio Solution File, Format Version 12.00
# Visual Studio Version 16
VisualStudioVersion = 16.0.30621.155
MinimumVisualStudioVersion = 10.0.40219.1
Project("{FAE04EC0-301F-11D3-BF4B-00C04F79EFBC}") = "ConsoleApp2", "ConsoleApp2\ConsoleApp2.csproj", "{BB1160D2-5A07-426B-905E-D79B7DDC343C}"
EndProject
Global
	GlobalSection(SolutionConfigurationPlatforms) = preSolution
		Debug|Any CPU = Debug|Any CPU
		Release|Any CPU = Release|Any CPU
	EndGlobalSection
	GlobalSection(ProjectConfigurationPlatforms) = postSolution
		{BB1160D2-5A07-426B-905E-D79B7DDC343C}.Debug|Any CPU.ActiveCfg = Debug|Any CPU
		{BB1160D2-5A07-426B-905E-D79B7DDC343C}.Debug|Any CPU.Build.0 = Debug|Any CPU
		{BB1160D2-5A07-426B-905E-D79B7DDC343C}.Release|Any CPU.ActiveCfg = Release|Any CPU
		{BB1160D2-5A07-426B-905E-D79B7DDC343C}.Release|Any CPU.Build.0 = Release|Any CPU
	EndGlobalSection
	GlobalSection(SolutionProperties) = preSolution
		HideSolutionNode = FALSE
	EndGlobalSection
	GlobalSection(ExtensibilityGlobals) = postSolution
		SolutionGuid = {3AF04FF5-3297-45E5-B988-A9A7CFDB96C8}
	EndGlobalSection
EndGlobal
